
Microsoft Visual Studio Solution File, Format Version 12.00
# Visual Studio Version 17
VisualStudioVersion = 17.9.34701.34
MinimumVisualStudioVersion = 10.0.40219.1
Project("{FAE04EC0-301F-11D3-BF4B-00C04F79EFBC}") = "PollySample", "PollySample.csproj", "{042F0266-665E-42B5-A624-0C7F063B275C}"
EndProject
Global
	GlobalSection(SolutionConfigurationPlatforms) = preSolution
		Debug|Any CPU = Debug|Any CPU
		Release|Any CPU = Release|Any CPU
	EndGlobalSection
	GlobalSection(ProjectConfigurationPlatforms) = postSolution
		{042F0266-665E-42B5-A624-0C7F063B275C}.Debug|Any CPU.ActiveCfg = Debug|Any CPU
		{042F0266-665E-42B5-A624-0C7F063B275C}.Debug|Any CPU.Build.0 = Debug|Any CPU
		{042F0266-665E-42B5-A624-0C7F063B275C}.Release|Any CPU.ActiveCfg = Release|Any CPU
		{042F0266-665E-42B5-A624-0C7F063B275C}.Release|Any CPU.Build.0 = Release|Any CPU
	EndGlobalSection
	GlobalSection(SolutionProperties) = preSolution
		HideSolutionNode = FALSE
	EndGlobalSection
	GlobalSection(ExtensibilityGlobals) = postSolution
		SolutionGuid = {E1C19BE3-9502-4243-93E2-01F9E2889D04}
	EndGlobalSection
EndGlobal
